{
    "_readme": [
        "This file locks the dependencies of your project to a known state",
        "Read more about it at https://getcomposer.org/doc/01-basic-usage.md#installing-dependencies",
        "This file is @generated automatically"
    ],
    "content-hash": "c33197d625045ac365df4c18e21b529b",
    "packages": [
        {
            "name": "absatzformat/logpan-logger",
            "version": "dev-main",
            "source": {
                "type": "git",
                "url": "https://github.com/absatzformat/logpan-logger.git",
                "reference": "d4c23113d6cc26f05201005aa5df049a634a36c7"
            },
            "dist": {
                "type": "zip",
                "url": "https://api.github.com/repos/absatzformat/logpan-logger/zipball/d4c23113d6cc26f05201005aa5df049a634a36c7",
                "reference": "d4c23113d6cc26f05201005aa5df049a634a36c7",
                "shasum": ""
            },
            "require": {
                "psr/log": "^1.1"
            },
            "require-dev": {
                "phpunit/phpunit": "^9.5",
                "vimeo/psalm": "^4.8"
            },
            "default-branch": true,
            "type": "library",
            "autoload": {
                "psr-4": {
                    "LogPan\\Logger\\": "src/"
                }
            },
            "scripts": {
                "test": [
                    "phpunit tests"
                ]
            },
            "license": [
                "MIT"
            ],
            "authors": [
                {
                    "name": "Johannes Rabausch",
                    "email": "jrabausch@absatzformat.de"
                }
            ],
            "description": "PSR-3 logger for LogPan.",
            "support": {
                "source": "https://github.com/absatzformat/logpan-logger/tree/main",
                "issues": "https://github.com/absatzformat/logpan-logger/issues"
            },
            "time": "2021-07-02T12:45:02+00:00"
        },
        {
            "name": "psr/log",
            "version": "1.1.4",
            "source": {
                "type": "git",
                "url": "https://github.com/php-fig/log.git",
                "reference": "d49695b909c3b7628b6289db5479a1c204601f11"
            },
            "dist": {
                "type": "zip",
                "url": "https://api.github.com/repos/php-fig/log/zipball/d49695b909c3b7628b6289db5479a1c204601f11",
                "reference": "d49695b909c3b7628b6289db5479a1c204601f11",
                "shasum": ""
            },
            "require": {
                "php": ">=5.3.0"
            },
            "type": "library",
            "extra": {
                "branch-alias": {
                    "dev-master": "1.1.x-dev"
                }
            },
            "autoload": {
                "psr-4": {
                    "Psr\\Log\\": "Psr/Log/"
                }
            },
            "notification-url": "https://packagist.org/downloads/",
            "license": [
                "MIT"
            ],
            "authors": [
                {
                    "name": "PHP-FIG",
                    "homepage": "https://www.php-fig.org/"
                }
            ],
            "description": "Common interface for logging libraries",
            "homepage": "https://github.com/php-fig/log",
            "keywords": [
                "log",
                "psr",
                "psr-3"
            ],
            "support": {
                "source": "https://github.com/php-fig/log/tree/1.1.4"
            },
            "time": "2021-05-03T11:20:27+00:00"
        }
    ],
    "packages-dev": [],
    "aliases": [],
    "minimum-stability": "stable",
    "stability-flags": {
        "absatzformat/logpan-logger": 20
    },
    "prefer-stable": false,
    "prefer-lowest": false,
    "platform": [],
    "platform-dev": [],
    "plugin-api-version": "2.0.0"
}
